// !$*UTF8*$!
{
	archiveVersion = 1;
	classes = {
	};
	objectVersion = 50;
	objects = {

/* Begin PBXBuildFile section */
		58372F7E20DCA5D900551570 /* AppDelegate.m in Sources */ = {isa = PBXBuildFile; fileRef = 58372F7D20DCA5D900551570 /* AppDelegate.m */; settings = {COMPILER_FLAGS = "-fno-objc-arc"; }; };
		58372F8120DCA5D900551570 /* ViewController.m in Sources */ = {isa = PBXBuildFile; fileRef = 58372F8020DCA5D900551570 /* ViewController.m */; settings = {COMPILER_FLAGS = "-fno-objc-arc"; }; };
		58372F8420DCA5D900551570 /* Main.storyboard in Resources */ = {isa = PBXBuildFile; fileRef = 58372F8220DCA5D900551570 /* Main.storyboard */; };
		58372F8620DCA5DB00551570 /* Assets.xcassets in Resources */ = {isa = PBXBuildFile; fileRef = 58372F8520DCA5DB00551570 /* Assets.xcassets */; };
		58372F8920DCA5DB00551570 /* LaunchScreen.storyboard in Resources */ = {isa = PBXBuildFile; fileRef = 58372F8720DCA5DB00551570 /* LaunchScreen.storyboard */; };
		58372F8C20DCA5DC00551570 /* main.m in Sources */ = {isa = PBXBuildFile; fileRef = 58372F8B20DCA5DC00551570 /* main.m */; settings = {COMPILER_FLAGS = "-fno-objc-arc"; }; };
		58372FC720DCA6A100551570 /* GPBExtensionInternals.m in Sources */ = {isa = PBXBuildFile; fileRef = 58372F9420DCA69D00551570 /* GPBExtensionInternals.m */; settings = {COMPILER_FLAGS = "-fno-objc-arc"; }; };
		58372FC820DCA6A100551570 /* Common.pbobjc.m in Sources */ = {isa = PBXBuildFile; fileRef = 58372F9620DCA69D00551570 /* Common.pbobjc.m */; settings = {COMPILER_FLAGS = "-fno-objc-arc"; }; };
		58372FC920DCA6A100551570 /* Chain.pbobjc.m in Sources */ = {isa = PBXBuildFile; fileRef = 58372F9820DCA69D00551570 /* Chain.pbobjc.m */; settings = {COMPILER_FLAGS = "-fno-objc-arc"; }; };
		58372FCA20DCA6A100551570 /* GPBCodedOutputStream.m in Sources */ = {isa = PBXBuildFile; fileRef = 58372F9B20DCA69E00551570 /* GPBCodedOutputStream.m */; settings = {COMPILER_FLAGS = "-fno-objc-arc"; }; };
		58372FCB20DCA6A100551570 /* GPBMessage.m in Sources */ = {isa = PBXBuildFile; fileRef = 58372F9E20DCA69E00551570 /* GPBMessage.m */; settings = {COMPILER_FLAGS = "-fno-objc-arc"; }; };
		58372FCC20DCA6A100551570 /* GPBRootObject.m in Sources */ = {isa = PBXBuildFile; fileRef = 58372FA120DCA69E00551570 /* GPBRootObject.m */; settings = {COMPILER_FLAGS = "-fno-objc-arc"; }; };
		58372FCD20DCA6A100551570 /* GPBDescriptor.m in Sources */ = {isa = PBXBuildFile; fileRef = 58372FA320DCA69E00551570 /* GPBDescriptor.m */; settings = {COMPILER_FLAGS = "-fno-objc-arc"; }; };
		58372FCE20DCA6A100551570 /* GPBWireFormat.m in Sources */ = {isa = PBXBuildFile; fileRef = 58372FAB20DCA69F00551570 /* GPBWireFormat.m */; settings = {COMPILER_FLAGS = "-fno-objc-arc"; }; };
		58372FCF20DCA6A100551570 /* GPBCodedInputStream.m in Sources */ = {isa = PBXBuildFile; fileRef = 58372FB320DCA6A000551570 /* GPBCodedInputStream.m */; settings = {COMPILER_FLAGS = "-fno-objc-arc"; }; };
		58372FD020DCA6A100551570 /* GPBWellKnownTypes.m in Sources */ = {isa = PBXBuildFile; fileRef = 58372FB420DCA6A000551570 /* GPBWellKnownTypes.m */; settings = {COMPILER_FLAGS = "-fno-objc-arc"; }; };
		58372FD120DCA6A100551570 /* Merkeltrie.pbobjc.m in Sources */ = {isa = PBXBuildFile; fileRef = 58372FB620DCA6A000551570 /* Merkeltrie.pbobjc.m */; settings = {COMPILER_FLAGS = "-fno-objc-arc"; }; };
		58372FD220DCA6A100551570 /* GPBUnknownFieldSet.m in Sources */ = {isa = PBXBuildFile; fileRef = 58372FB720DCA6A000551570 /* GPBUnknownFieldSet.m */; settings = {COMPILER_FLAGS = "-fno-objc-arc"; }; };
		58372FD320DCA6A100551570 /* Overlay.pbobjc.m in Sources */ = {isa = PBXBuildFile; fileRef = 58372FBB20DCA6A100551570 /* Overlay.pbobjc.m */; settings = {COMPILER_FLAGS = "-fno-objc-arc"; }; };
		58372FD420DCA6A100551570 /* GPBArray.m in Sources */ = {isa = PBXBuildFile; fileRef = 58372FBD20DCA6A100551570 /* GPBArray.m */; settings = {COMPILER_FLAGS = "-fno-objc-arc"; }; };
		58372FD520DCA6A100551570 /* GPBExtensionRegistry.m in Sources */ = {isa = PBXBuildFile; fileRef = 58372FBE20DCA6A100551570 /* GPBExtensionRegistry.m */; settings = {COMPILER_FLAGS = "-fno-objc-arc"; }; };
		58372FD620DCA6A100551570 /* GPBUtilities.m in Sources */ = {isa = PBXBuildFile; fileRef = 58372FBF20DCA6A100551570 /* GPBUtilities.m */; settings = {COMPILER_FLAGS = "-fno-objc-arc"; }; };
		58372FD720DCA6A100551570 /* Consensus.pbobjc.m in Sources */ = {isa = PBXBuildFile; fileRef = 58372FC220DCA6A100551570 /* Consensus.pbobjc.m */; settings = {COMPILER_FLAGS = "-fno-objc-arc"; }; };
		58372FD820DCA6A100551570 /* GPBUnknownField.m in Sources */ = {isa = PBXBuildFile; fileRef = 58372FC420DCA6A100551570 /* GPBUnknownField.m */; settings = {COMPILER_FLAGS = "-fno-objc-arc"; }; };
		58372FD920DCA6A100551570 /* GPBDictionary.m in Sources */ = {isa = PBXBuildFile; fileRef = 58372FC520DCA6A100551570 /* GPBDictionary.m */; settings = {COMPILER_FLAGS = "-fno-objc-arc"; }; };
		58372FF020DCA6ED00551570 /* Api.pbobjc.m in Sources */ = {isa = PBXBuildFile; fileRef = 58372FDD20DCA6EB00551570 /* Api.pbobjc.m */; settings = {COMPILER_FLAGS = "-fno-objc-arc"; }; };
		58372FF120DCA6ED00551570 /* Duration.pbobjc.m in Sources */ = {isa = PBXBuildFile; fileRef = 58372FDE20DCA6EB00551570 /* Duration.pbobjc.m */; settings = {COMPILER_FLAGS = "-fno-objc-arc"; }; };
		58372FF220DCA6ED00551570 /* SourceContext.pbobjc.m in Sources */ = {isa = PBXBuildFile; fileRef = 58372FE120DCA6EC00551570 /* SourceContext.pbobjc.m */; settings = {COMPILER_FLAGS = "-fno-objc-arc"; }; };
		58372FF320DCA6ED00551570 /* Timestamp.pbobjc.m in Sources */ = {isa = PBXBuildFile; fileRef = 58372FE220DCA6EC00551570 /* Timestamp.pbobjc.m */; settings = {COMPILER_FLAGS = "-fno-objc-arc"; }; };
		58372FF420DCA6ED00551570 /* Any.pbobjc.m in Sources */ = {isa = PBXBuildFile; fileRef = 58372FE420DCA6EC00551570 /* Any.pbobjc.m */; settings = {COMPILER_FLAGS = "-fno-objc-arc"; }; };
		58372FF520DCA6ED00551570 /* FieldMask.pbobjc.m in Sources */ = {isa = PBXBuildFile; fileRef = 58372FE520DCA6EC00551570 /* FieldMask.pbobjc.m */; settings = {COMPILER_FLAGS = "-fno-objc-arc"; }; };
		58372FF620DCA6ED00551570 /* Empty.pbobjc.m in Sources */ = {isa = PBXBuildFile; fileRef = 58372FEA20DCA6EC00551570 /* Empty.pbobjc.m */; settings = {COMPILER_FLAGS = "-fno-objc-arc"; }; };
		58372FF720DCA6ED00551570 /* Struct.pbobjc.m in Sources */ = {isa = PBXBuildFile; fileRef = 58372FEB20DCA6EC00551570 /* Struct.pbobjc.m */; settings = {COMPILER_FLAGS = "-fno-objc-arc"; }; };
		58372FF820DCA6ED00551570 /* Wrappers.pbobjc.m in Sources */ = {isa = PBXBuildFile; fileRef = 58372FEE20DCA6EC00551570 /* Wrappers.pbobjc.m */; settings = {COMPILER_FLAGS = "-fno-objc-arc"; }; };
		58372FF920DCA6ED00551570 /* Type.pbobjc.m in Sources */ = {isa = PBXBuildFile; fileRef = 58372FEF20DCA6ED00551570 /* Type.pbobjc.m */; settings = {COMPILER_FLAGS = "-fno-objc-arc"; }; };
		585F5FCB20DCABF30039A28E /* Chain.pbobjc.h in Sources */ = {isa = PBXBuildFile; fileRef = 58372FA020DCA69E00551570 /* Chain.pbobjc.h */; };
		585F5FCC20DCABF30039A28E /* Common.pbobjc.h in Sources */ = {isa = PBXBuildFile; fileRef = 58372FA420DCA69E00551570 /* Common.pbobjc.h */; };
		585F5FCD20DCABF30039A28E /* Consensus.pbobjc.h in Sources */ = {isa = PBXBuildFile; fileRef = 58372F9C20DCA69E00551570 /* Consensus.pbobjc.h */; };
		585F5FCE20DCABF30039A28E /* GPBArray_PackagePrivate.h in Sources */ = {isa = PBXBuildFile; fileRef = 58372FA520DCA69E00551570 /* GPBArray_PackagePrivate.h */; };
		585F5FCF20DCABF30039A28E /* GPBArray.h in Sources */ = {isa = PBXBuildFile; fileRef = 58372FAE20DCA69F00551570 /* GPBArray.h */; };
		585F5FD020DCABF30039A28E /* GPBBootstrap.h in Sources */ = {isa = PBXBuildFile; fileRef = 58372FB220DCA6A000551570 /* GPBBootstrap.h */; };
		585F5FD120DCABF30039A28E /* GPBCodedInputStream_PackagePrivate.h in Sources */ = {isa = PBXBuildFile; fileRef = 58372FB520DCA6A000551570 /* GPBCodedInputStream_PackagePrivate.h */; };
		585F5FD220DCABF30039A28E /* GPBCodedInputStream.h in Sources */ = {isa = PBXBuildFile; fileRef = 58372FC020DCA6A100551570 /* GPBCodedInputStream.h */; };
		585F5FD320DCABF30039A28E /* GPBCodedOutputStream_PackagePrivate.h in Sources */ = {isa = PBXBuildFile; fileRef = 58372FB120DCA69F00551570 /* GPBCodedOutputStream_PackagePrivate.h */; };
		585F5FD420DCABF30039A28E /* GPBCodedOutputStream.h in Sources */ = {isa = PBXBuildFile; fileRef = 58372FA220DCA69E00551570 /* GPBCodedOutputStream.h */; };
		585F5FD520DCABF30039A28E /* GPBDescriptor_PackagePrivate.h in Sources */ = {isa = PBXBuildFile; fileRef = 58372FBC20DCA6A100551570 /* GPBDescriptor_PackagePrivate.h */; };
		585F5FD620DCABF30039A28E /* GPBDescriptor.h in Sources */ = {isa = PBXBuildFile; fileRef = 58372F9D20DCA69E00551570 /* GPBDescriptor.h */; };
		585F5FD720DCABF30039A28E /* GPBDictionary_PackagePrivate.h in Sources */ = {isa = PBXBuildFile; fileRef = 58372FB920DCA6A000551570 /* GPBDictionary_PackagePrivate.h */; };
		585F5FD820DCABF30039A28E /* GPBDictionary.h in Sources */ = {isa = PBXBuildFile; fileRef = 58372F9A20DCA69E00551570 /* GPBDictionary.h */; };
		585F5FD920DCABF30039A28E /* GPBExtensionInternals.h in Sources */ = {isa = PBXBuildFile; fileRef = 58372FA620DCA69E00551570 /* GPBExtensionInternals.h */; };
		585F5FDA20DCABF30039A28E /* GPBExtensionRegistry.h in Sources */ = {isa = PBXBuildFile; fileRef = 58372F9F20DCA69E00551570 /* GPBExtensionRegistry.h */; };
		585F5FDB20DCABF30039A28E /* GPBMessage_PackagePrivate.h in Sources */ = {isa = PBXBuildFile; fileRef = 58372FC120DCA6A100551570 /* GPBMessage_PackagePrivate.h */; };
		585F5FDC20DCABF30039A28E /* GPBMessage.h in Sources */ = {isa = PBXBuildFile; fileRef = 58372FC320DCA6A100551570 /* GPBMessage.h */; };
		585F5FDD20DCABF30039A28E /* GPBProtocolBuffers_RuntimeSupport.h in Sources */ = {isa = PBXBuildFile; fileRef = 58372F9920DCA69E00551570 /* GPBProtocolBuffers_RuntimeSupport.h */; };
		585F5FDE20DCABF30039A28E /* GPBProtocolBuffers.h in Sources */ = {isa = PBXBuildFile; fileRef = 58372F9720DCA69D00551570 /* GPBProtocolBuffers.h */; };
		585F5FDF20DCABF30039A28E /* GPBRootObject_PackagePrivate.h in Sources */ = {isa = PBXBuildFile; fileRef = 58372FC620DCA6A100551570 /* GPBRootObject_PackagePrivate.h */; };
		585F5FE020DCABF30039A28E /* GPBRootObject.h in Sources */ = {isa = PBXBuildFile; fileRef = 58372FAC20DCA69F00551570 /* GPBRootObject.h */; };
		585F5FE120DCABF30039A28E /* GPBRuntimeTypes.h in Sources */ = {isa = PBXBuildFile; fileRef = 58372FAD20DCA69F00551570 /* GPBRuntimeTypes.h */; };
		585F5FE220DCABF30039A28E /* GPBUnknownField_PackagePrivate.h in Sources */ = {isa = PBXBuildFile; fileRef = 58372FAA20DCA69F00551570 /* GPBUnknownField_PackagePrivate.h */; };
		585F5FE320DCABF30039A28E /* GPBUnknownField.h in Sources */ = {isa = PBXBuildFile; fileRef = 58372FA820DCA69F00551570 /* GPBUnknownField.h */; };
		585F5FE420DCABF30039A28E /* GPBUnknownFieldSet_PackagePrivate.h in Sources */ = {isa = PBXBuildFile; fileRef = 58372FAF20DCA69F00551570 /* GPBUnknownFieldSet_PackagePrivate.h */; };
		585F5FE520DCABF30039A28E /* GPBUnknownFieldSet.h in Sources */ = {isa = PBXBuildFile; fileRef = 58372FB020DCA69F00551570 /* GPBUnknownFieldSet.h */; };
		585F5FE620DCABF30039A28E /* GPBUtilities_PackagePrivate.h in Sources */ = {isa = PBXBuildFile; fileRef = 58372FA920DCA69F00551570 /* GPBUtilities_PackagePrivate.h */; };
		585F5FE720DCABF30039A28E /* GPBUtilities.h in Sources */ = {isa = PBXBuildFile; fileRef = 58372FA720DCA69F00551570 /* GPBUtilities.h */; };
		585F5FE820DCABF30039A28E /* GPBWellKnownTypes.h in Sources */ = {isa = PBXBuildFile; fileRef = 58372F9320DCA69D00551570 /* GPBWellKnownTypes.h */; };
		585F5FE920DCABF30039A28E /* GPBWireFormat.h in Sources */ = {isa = PBXBuildFile; fileRef = 58372FB820DCA6A000551570 /* GPBWireFormat.h */; };
		585F5FEA20DCABF30039A28E /* Merkeltrie.pbobjc.h in Sources */ = {isa = PBXBuildFile; fileRef = 58372FBA20DCA6A100551570 /* Merkeltrie.pbobjc.h */; };
		585F5FEB20DCABF30039A28E /* Overlay.pbobjc.h in Sources */ = {isa = PBXBuildFile; fileRef = 58372F9520DCA69D00551570 /* Overlay.pbobjc.h */; };
		585F5FEC20DCAC090039A28E /* Any.pbobjc.h in Sources */ = {isa = PBXBuildFile; fileRef = 58372FE320DCA6EC00551570 /* Any.pbobjc.h */; };
		585F5FED20DCAC090039A28E /* Api.pbobjc.h in Sources */ = {isa = PBXBuildFile; fileRef = 58372FDC20DCA6EB00551570 /* Api.pbobjc.h */; };
		585F5FEE20DCAC090039A28E /* Duration.pbobjc.h in Sources */ = {isa = PBXBuildFile; fileRef = 58372FE820DCA6EC00551570 /* Duration.pbobjc.h */; };
		585F5FEF20DCAC090039A28E /* Empty.pbobjc.h in Sources */ = {isa = PBXBuildFile; fileRef = 58372FDF20DCA6EB00551570 /* Empty.pbobjc.h */; };
		585F5FF020DCAC090039A28E /* FieldMask.pbobjc.h in Sources */ = {isa = PBXBuildFile; fileRef = 58372FE720DCA6EC00551570 /* FieldMask.pbobjc.h */; };
		585F5FF120DCAC090039A28E /* SourceContext.pbobjc.h in Sources */ = {isa = PBXBuildFile; fileRef = 58372FE020DCA6EB00551570 /* SourceContext.pbobjc.h */; };
		585F5FF220DCAC090039A28E /* Struct.pbobjc.h in Sources */ = {isa = PBXBuildFile; fileRef = 58372FEC20DCA6EC00551570 /* Struct.pbobjc.h */; };
		585F5FF320DCAC090039A28E /* Timestamp.pbobjc.h in Sources */ = {isa = PBXBuildFile; fileRef = 58372FED20DCA6EC00551570 /* Timestamp.pbobjc.h */; };
		585F5FF420DCAC090039A28E /* Type.pbobjc.h in Sources */ = {isa = PBXBuildFile; fileRef = 58372FE620DCA6EC00551570 /* Type.pbobjc.h */; };
		585F5FF520DCAC090039A28E /* Wrappers.pbobjc.h in Sources */ = {isa = PBXBuildFile; fileRef = 58372FE920DCA6EC00551570 /* Wrappers.pbobjc.h */; };
/* End PBXBuildFile section */

/* Begin PBXFileReference section */
		58372F7920DCA5D900551570 /* ios.app */ = {isa = PBXFileReference; explicitFileType = wrapper.application; includeInIndex = 0; path = ios.app; sourceTree = BUILT_PRODUCTS_DIR; };
		58372F7C20DCA5D900551570 /* AppDelegate.h */ = {isa = PBXFileReference; lastKnownFileType = sourcecode.c.h; path = AppDelegate.h; sourceTree = "<group>"; };
		58372F7D20DCA5D900551570 /* AppDelegate.m */ = {isa = PBXFileReference; lastKnownFileType = sourcecode.c.objc; path = AppDelegate.m; sourceTree = "<group>"; };
		58372F7F20DCA5D900551570 /* ViewController.h */ = {isa = PBXFileReference; lastKnownFileType = sourcecode.c.h; path = ViewController.h; sourceTree = "<group>"; };
		58372F8020DCA5D900551570 /* ViewController.m */ = {isa = PBXFileReference; lastKnownFileType = sourcecode.c.objc; path = ViewController.m; sourceTree = "<group>"; };
		58372F8320DCA5D900551570 /* Base */ = {isa = PBXFileReference; lastKnownFileType = file.storyboard; name = Base; path = Base.lproj/Main.storyboard; sourceTree = "<group>"; };
		58372F8520DCA5DB00551570 /* Assets.xcassets */ = {isa = PBXFileReference; lastKnownFileType = folder.assetcatalog; path = Assets.xcassets; sourceTree = "<group>"; };
		58372F8820DCA5DB00551570 /* Base */ = {isa = PBXFileReference; lastKnownFileType = file.storyboard; name = Base; path = Base.lproj/LaunchScreen.storyboard; sourceTree = "<group>"; };
		58372F8A20DCA5DB00551570 /* Info.plist */ = {isa = PBXFileReference; lastKnownFileType = text.plist.xml; path = Info.plist; sourceTree = "<group>"; };
		58372F8B20DCA5DC00551570 /* main.m */ = {isa = PBXFileReference; lastKnownFileType = sourcecode.c.objc; path = main.m; sourceTree = "<group>"; };
		58372F9320DCA69D00551570 /* GPBWellKnownTypes.h */ = {isa = PBXFileReference; fileEncoding = 4; lastKnownFileType = sourcecode.c.h; name = GPBWellKnownTypes.h; path = ios/protocol/GPBWellKnownTypes.h; sourceTree = SOURCE_ROOT; };
		58372F9420DCA69D00551570 /* GPBExtensionInternals.m */ = {isa = PBXFileReference; fileEncoding = 4; lastKnownFileType = sourcecode.c.objc; name = GPBExtensionInternals.m; path = ios/protocol/GPBExtensionInternals.m; sourceTree = SOURCE_ROOT; };
		58372F9520DCA69D00551570 /* Overlay.pbobjc.h */ = {isa = PBXFileReference; fileEncoding = 4; lastKnownFileType = sourcecode.c.h; name = Overlay.pbobjc.h; path = ios/protocol/Overlay.pbobjc.h; sourceTree = SOURCE_ROOT; };
		58372F9620DCA69D00551570 /* Common.pbobjc.m */ = {isa = PBXFileReference; fileEncoding = 4; lastKnownFileType = sourcecode.c.objc; name = Common.pbobjc.m; path = ios/protocol/Common.pbobjc.m; sourceTree = SOURCE_ROOT; };
		58372F9720DCA69D00551570 /* GPBProtocolBuffers.h */ = {isa = PBXFileReference; fileEncoding = 4; lastKnownFileType = sourcecode.c.h; name = GPBProtocolBuffers.h; path = ios/protocol/GPBProtocolBuffers.h; sourceTree = SOURCE_ROOT; };
		58372F9820DCA69D00551570 /* Chain.pbobjc.m */ = {isa = PBXFileReference; fileEncoding = 4; lastKnownFileType = sourcecode.c.objc; name = Chain.pbobjc.m; path = ios/protocol/Chain.pbobjc.m; sourceTree = SOURCE_ROOT; };
		58372F9920DCA69E00551570 /* GPBProtocolBuffers_RuntimeSupport.h */ = {isa = PBXFileReference; fileEncoding = 4; lastKnownFileType = sourcecode.c.h; name = GPBProtocolBuffers_RuntimeSupport.h; path = ios/protocol/GPBProtocolBuffers_RuntimeSupport.h; sourceTree = SOURCE_ROOT; };
		58372F9A20DCA69E00551570 /* GPBDictionary.h */ = {isa = PBXFileReference; fileEncoding = 4; lastKnownFileType = sourcecode.c.h; name = GPBDictionary.h; path = ios/protocol/GPBDictionary.h; sourceTree = SOURCE_ROOT; };
		58372F9B20DCA69E00551570 /* GPBCodedOutputStream.m */ = {isa = PBXFileReference; fileEncoding = 4; lastKnownFileType = sourcecode.c.objc; name = GPBCodedOutputStream.m; path = ios/protocol/GPBCodedOutputStream.m; sourceTree = SOURCE_ROOT; };
		58372F9C20DCA69E00551570 /* Consensus.pbobjc.h */ = {isa = PBXFileReference; fileEncoding = 4; lastKnownFileType = sourcecode.c.h; name = Consensus.pbobjc.h; path = ios/protocol/Consensus.pbobjc.h; sourceTree = SOURCE_ROOT; };
		58372F9D20DCA69E00551570 /* GPBDescriptor.h */ = {isa = PBXFileReference; fileEncoding = 4; lastKnownFileType = sourcecode.c.h; name = GPBDescriptor.h; path = ios/protocol/GPBDescriptor.h; sourceTree = SOURCE_ROOT; };
		58372F9E20DCA69E00551570 /* GPBMessage.m */ = {isa = PBXFileReference; fileEncoding = 4; lastKnownFileType = sourcecode.c.objc; name = GPBMessage.m; path = ios/protocol/GPBMessage.m; sourceTree = SOURCE_ROOT; };
		58372F9F20DCA69E00551570 /* GPBExtensionRegistry.h */ = {isa = PBXFileReference; fileEncoding = 4; lastKnownFileType = sourcecode.c.h; name = GPBExtensionRegistry.h; path = ios/protocol/GPBExtensionRegistry.h; sourceTree = SOURCE_ROOT; };
		58372FA020DCA69E00551570 /* Chain.pbobjc.h */ = {isa = PBXFileReference; fileEncoding = 4; lastKnownFileType = sourcecode.c.h; name = Chain.pbobjc.h; path = ios/protocol/Chain.pbobjc.h; sourceTree = SOURCE_ROOT; };
		58372FA120DCA69E00551570 /* GPBRootObject.m */ = {isa = PBXFileReference; fileEncoding = 4; lastKnownFileType = sourcecode.c.objc; name = GPBRootObject.m; path = ios/protocol/GPBRootObject.m; sourceTree = SOURCE_ROOT; };
		58372FA220DCA69E00551570 /* GPBCodedOutputStream.h */ = {isa = PBXFileReference; fileEncoding = 4; lastKnownFileType = sourcecode.c.h; name = GPBCodedOutputStream.h; path = ios/protocol/GPBCodedOutputStream.h; sourceTree = SOURCE_ROOT; };
		58372FA320DCA69E00551570 /* GPBDescriptor.m */ = {isa = PBXFileReference; fileEncoding = 4; lastKnownFileType = sourcecode.c.objc; name = GPBDescriptor.m; path = ios/protocol/GPBDescriptor.m; sourceTree = SOURCE_ROOT; };
		58372FA420DCA69E00551570 /* Common.pbobjc.h */ = {isa = PBXFileReference; fileEncoding = 4; lastKnownFileType = sourcecode.c.h; name = Common.pbobjc.h; path = ios/protocol/Common.pbobjc.h; sourceTree = SOURCE_ROOT; };
		58372FA520DCA69E00551570 /* GPBArray_PackagePrivate.h */ = {isa = PBXFileReference; fileEncoding = 4; lastKnownFileType = sourcecode.c.h; name = GPBArray_PackagePrivate.h; path = ios/protocol/GPBArray_PackagePrivate.h; sourceTree = SOURCE_ROOT; };
		58372FA620DCA69E00551570 /* GPBExtensionInternals.h */ = {isa = PBXFileReference; fileEncoding = 4; lastKnownFileType = sourcecode.c.h; name = GPBExtensionInternals.h; path = ios/protocol/GPBExtensionInternals.h; sourceTree = SOURCE_ROOT; };
		58372FA720DCA69F00551570 /* GPBUtilities.h */ = {isa = PBXFileReference; fileEncoding = 4; lastKnownFileType = sourcecode.c.h; name = GPBUtilities.h; path = ios/protocol/GPBUtilities.h; sourceTree = SOURCE_ROOT; };
		58372FA820DCA69F00551570 /* GPBUnknownField.h */ = {isa = PBXFileReference; fileEncoding = 4; lastKnownFileType = sourcecode.c.h; name = GPBUnknownField.h; path = ios/protocol/GPBUnknownField.h; sourceTree = SOURCE_ROOT; };
		58372FA920DCA69F00551570 /* GPBUtilities_PackagePrivate.h */ = {isa = PBXFileReference; fileEncoding = 4; lastKnownFileType = sourcecode.c.h; name = GPBUtilities_PackagePrivate.h; path = ios/protocol/GPBUtilities_PackagePrivate.h; sourceTree = SOURCE_ROOT; };
		58372FAA20DCA69F00551570 /* GPBUnknownField_PackagePrivate.h */ = {isa = PBXFileReference; fileEncoding = 4; lastKnownFileType = sourcecode.c.h; name = GPBUnknownField_PackagePrivate.h; path = ios/protocol/GPBUnknownField_PackagePrivate.h; sourceTree = SOURCE_ROOT; };
		58372FAB20DCA69F00551570 /* GPBWireFormat.m */ = {isa = PBXFileReference; fileEncoding = 4; lastKnownFileType = sourcecode.c.objc; name = GPBWireFormat.m; path = ios/protocol/GPBWireFormat.m; sourceTree = SOURCE_ROOT; };
		58372FAC20DCA69F00551570 /* GPBRootObject.h */ = {isa = PBXFileReference; fileEncoding = 4; lastKnownFileType = sourcecode.c.h; name = GPBRootObject.h; path = ios/protocol/GPBRootObject.h; sourceTree = SOURCE_ROOT; };
		58372FAD20DCA69F00551570 /* GPBRuntimeTypes.h */ = {isa = PBXFileReference; fileEncoding = 4; lastKnownFileType = sourcecode.c.h; name = GPBRuntimeTypes.h; path = ios/protocol/GPBRuntimeTypes.h; sourceTree = SOURCE_ROOT; };
		58372FAE20DCA69F00551570 /* GPBArray.h */ = {isa = PBXFileReference; fileEncoding = 4; lastKnownFileType = sourcecode.c.h; name = GPBArray.h; path = ios/protocol/GPBArray.h; sourceTree = SOURCE_ROOT; };
		58372FAF20DCA69F00551570 /* GPBUnknownFieldSet_PackagePrivate.h */ = {isa = PBXFileReference; fileEncoding = 4; lastKnownFileType = sourcecode.c.h; name = GPBUnknownFieldSet_PackagePrivate.h; path = ios/protocol/GPBUnknownFieldSet_PackagePrivate.h; sourceTree = SOURCE_ROOT; };
		58372FB020DCA69F00551570 /* GPBUnknownFieldSet.h */ = {isa = PBXFileReference; fileEncoding = 4; lastKnownFileType = sourcecode.c.h; name = GPBUnknownFieldSet.h; path = ios/protocol/GPBUnknownFieldSet.h; sourceTree = SOURCE_ROOT; };
		58372FB120DCA69F00551570 /* GPBCodedOutputStream_PackagePrivate.h */ = {isa = PBXFileReference; fileEncoding = 4; lastKnownFileType = sourcecode.c.h; name = GPBCodedOutputStream_PackagePrivate.h; path = ios/protocol/GPBCodedOutputStream_PackagePrivate.h; sourceTree = SOURCE_ROOT; };
		58372FB220DCA6A000551570 /* GPBBootstrap.h */ = {isa = PBXFileReference; fileEncoding = 4; lastKnownFileType = sourcecode.c.h; name = GPBBootstrap.h; path = ios/protocol/GPBBootstrap.h; sourceTree = SOURCE_ROOT; };
		58372FB320DCA6A000551570 /* GPBCodedInputStream.m */ = {isa = PBXFileReference; fileEncoding = 4; lastKnownFileType = sourcecode.c.objc; name = GPBCodedInputStream.m; path = ios/protocol/GPBCodedInputStream.m; sourceTree = SOURCE_ROOT; };
		58372FB420DCA6A000551570 /* GPBWellKnownTypes.m */ = {isa = PBXFileReference; fileEncoding = 4; lastKnownFileType = sourcecode.c.objc; name = GPBWellKnownTypes.m; path = ios/protocol/GPBWellKnownTypes.m; sourceTree = SOURCE_ROOT; };
		58372FB520DCA6A000551570 /* GPBCodedInputStream_PackagePrivate.h */ = {isa = PBXFileReference; fileEncoding = 4; lastKnownFileType = sourcecode.c.h; name = GPBCodedInputStream_PackagePrivate.h; path = ios/protocol/GPBCodedInputStream_PackagePrivate.h; sourceTree = SOURCE_ROOT; };
		58372FB620DCA6A000551570 /* Merkeltrie.pbobjc.m */ = {isa = PBXFileReference; fileEncoding = 4; lastKnownFileType = sourcecode.c.objc; name = Merkeltrie.pbobjc.m; path = ios/protocol/Merkeltrie.pbobjc.m; sourceTree = SOURCE_ROOT; };
		58372FB720DCA6A000551570 /* GPBUnknownFieldSet.m */ = {isa = PBXFileReference; fileEncoding = 4; lastKnownFileType = sourcecode.c.objc; name = GPBUnknownFieldSet.m; path = ios/protocol/GPBUnknownFieldSet.m; sourceTree = SOURCE_ROOT; };
		58372FB820DCA6A000551570 /* GPBWireFormat.h */ = {isa = PBXFileReference; fileEncoding = 4; lastKnownFileType = sourcecode.c.h; name = GPBWireFormat.h; path = ios/protocol/GPBWireFormat.h; sourceTree = SOURCE_ROOT; };
		58372FB920DCA6A000551570 /* GPBDictionary_PackagePrivate.h */ = {isa = PBXFileReference; fileEncoding = 4; lastKnownFileType = sourcecode.c.h; name = GPBDictionary_PackagePrivate.h; path = ios/protocol/GPBDictionary_PackagePrivate.h; sourceTree = SOURCE_ROOT; };
		58372FBA20DCA6A100551570 /* Merkeltrie.pbobjc.h */ = {isa = PBXFileReference; fileEncoding = 4; lastKnownFileType = sourcecode.c.h; name = Merkeltrie.pbobjc.h; path = ios/protocol/Merkeltrie.pbobjc.h; sourceTree = SOURCE_ROOT; };
		58372FBB20DCA6A100551570 /* Overlay.pbobjc.m */ = {isa = PBXFileReference; fileEncoding = 4; lastKnownFileType = sourcecode.c.objc; name = Overlay.pbobjc.m; path = ios/protocol/Overlay.pbobjc.m; sourceTree = SOURCE_ROOT; };
		58372FBC20DCA6A100551570 /* GPBDescriptor_PackagePrivate.h */ = {isa = PBXFileReference; fileEncoding = 4; lastKnownFileType = sourcecode.c.h; name = GPBDescriptor_PackagePrivate.h; path = ios/protocol/GPBDescriptor_PackagePrivate.h; sourceTree = SOURCE_ROOT; };
		58372FBD20DCA6A100551570 /* GPBArray.m */ = {isa = PBXFileReference; fileEncoding = 4; lastKnownFileType = sourcecode.c.objc; name = GPBArray.m; path = ios/protocol/GPBArray.m; sourceTree = SOURCE_ROOT; };
		58372FBE20DCA6A100551570 /* GPBExtensionRegistry.m */ = {isa = PBXFileReference; fileEncoding = 4; lastKnownFileType = sourcecode.c.objc; name = GPBExtensionRegistry.m; path = ios/protocol/GPBExtensionRegistry.m; sourceTree = SOURCE_ROOT; };
		58372FBF20DCA6A100551570 /* GPBUtilities.m */ = {isa = PBXFileReference; fileEncoding = 4; lastKnownFileType = sourcecode.c.objc; name = GPBUtilities.m; path = ios/protocol/GPBUtilities.m; sourceTree = SOURCE_ROOT; };
		58372FC020DCA6A100551570 /* GPBCodedInputStream.h */ = {isa = PBXFileReference; fileEncoding = 4; lastKnownFileType = sourcecode.c.h; name = GPBCodedInputStream.h; path = ios/protocol/GPBCodedInputStream.h; sourceTree = SOURCE_ROOT; };
		58372FC120DCA6A100551570 /* GPBMessage_PackagePrivate.h */ = {isa = PBXFileReference; fileEncoding = 4; lastKnownFileType = sourcecode.c.h; name = GPBMessage_PackagePrivate.h; path = ios/protocol/GPBMessage_PackagePrivate.h; sourceTree = SOURCE_ROOT; };
		58372FC220DCA6A100551570 /* Consensus.pbobjc.m */ = {isa = PBXFileReference; fileEncoding = 4; lastKnownFileType = sourcecode.c.objc; name = Consensus.pbobjc.m; path = ios/protocol/Consensus.pbobjc.m; sourceTree = SOURCE_ROOT; };
		58372FC320DCA6A100551570 /* GPBMessage.h */ = {isa = PBXFileReference; fileEncoding = 4; lastKnownFileType = sourcecode.c.h; name = GPBMessage.h; path = ios/protocol/GPBMessage.h; sourceTree = SOURCE_ROOT; };
		58372FC420DCA6A100551570 /* GPBUnknownField.m */ = {isa = PBXFileReference; fileEncoding = 4; lastKnownFileType = sourcecode.c.objc; name = GPBUnknownField.m; path = ios/protocol/GPBUnknownField.m; sourceTree = SOURCE_ROOT; };
		58372FC520DCA6A100551570 /* GPBDictionary.m */ = {isa = PBXFileReference; fileEncoding = 4; lastKnownFileType = sourcecode.c.objc; name = GPBDictionary.m; path = ios/protocol/GPBDictionary.m; sourceTree = SOURCE_ROOT; };
		58372FC620DCA6A100551570 /* GPBRootObject_PackagePrivate.h */ = {isa = PBXFileReference; fileEncoding = 4; lastKnownFileType = sourcecode.c.h; name = GPBRootObject_PackagePrivate.h; path = ios/protocol/GPBRootObject_PackagePrivate.h; sourceTree = SOURCE_ROOT; };
		58372FDC20DCA6EB00551570 /* Api.pbobjc.h */ = {isa = PBXFileReference; fileEncoding = 4; lastKnownFileType = sourcecode.c.h; name = Api.pbobjc.h; path = ios/protocol/google/protobuf/Api.pbobjc.h; sourceTree = SOURCE_ROOT; };
		58372FDD20DCA6EB00551570 /* Api.pbobjc.m */ = {isa = PBXFileReference; fileEncoding = 4; lastKnownFileType = sourcecode.c.objc; name = Api.pbobjc.m; path = ios/protocol/google/protobuf/Api.pbobjc.m; sourceTree = SOURCE_ROOT; };
		58372FDE20DCA6EB00551570 /* Duration.pbobjc.m */ = {isa = PBXFileReference; fileEncoding = 4; lastKnownFileType = sourcecode.c.objc; name = Duration.pbobjc.m; path = ios/protocol/google/protobuf/Duration.pbobjc.m; sourceTree = SOURCE_ROOT; };
		58372FDF20DCA6EB00551570 /* Empty.pbobjc.h */ = {isa = PBXFileReference; fileEncoding = 4; lastKnownFileType = sourcecode.c.h; name = Empty.pbobjc.h; path = ios/protocol/google/protobuf/Empty.pbobjc.h; sourceTree = SOURCE_ROOT; };
		58372FE020DCA6EB00551570 /* SourceContext.pbobjc.h */ = {isa = PBXFileReference; fileEncoding = 4; lastKnownFileType = sourcecode.c.h; name = SourceContext.pbobjc.h; path = ios/protocol/google/protobuf/SourceContext.pbobjc.h; sourceTree = SOURCE_ROOT; };
		58372FE120DCA6EC00551570 /* SourceContext.pbobjc.m */ = {isa = PBXFileReference; fileEncoding = 4; lastKnownFileType = sourcecode.c.objc; name = SourceContext.pbobjc.m; path = ios/protocol/google/protobuf/SourceContext.pbobjc.m; sourceTree = SOURCE_ROOT; };
		58372FE220DCA6EC00551570 /* Timestamp.pbobjc.m */ = {isa = PBXFileReference; fileEncoding = 4; lastKnownFileType = sourcecode.c.objc; name = Timestamp.pbobjc.m; path = ios/protocol/google/protobuf/Timestamp.pbobjc.m; sourceTree = SOURCE_ROOT; };
		58372FE320DCA6EC00551570 /* Any.pbobjc.h */ = {isa = PBXFileReference; fileEncoding = 4; lastKnownFileType = sourcecode.c.h; name = Any.pbobjc.h; path = ios/protocol/google/protobuf/Any.pbobjc.h; sourceTree = SOURCE_ROOT; };
		58372FE420DCA6EC00551570 /* Any.pbobjc.m */ = {isa = PBXFileReference; fileEncoding = 4; lastKnownFileType = sourcecode.c.objc; name = Any.pbobjc.m; path = ios/protocol/google/protobuf/Any.pbobjc.m; sourceTree = SOURCE_ROOT; };
		58372FE520DCA6EC00551570 /* FieldMask.pbobjc.m */ = {isa = PBXFileReference; fileEncoding = 4; lastKnownFileType = sourcecode.c.objc; name = FieldMask.pbobjc.m; path = ios/protocol/google/protobuf/FieldMask.pbobjc.m; sourceTree = SOURCE_ROOT; };
		58372FE620DCA6EC00551570 /* Type.pbobjc.h */ = {isa = PBXFileReference; fileEncoding = 4; lastKnownFileType = sourcecode.c.h; name = Type.pbobjc.h; path = ios/protocol/google/protobuf/Type.pbobjc.h; sourceTree = SOURCE_ROOT; };
		58372FE720DCA6EC00551570 /* FieldMask.pbobjc.h */ = {isa = PBXFileReference; fileEncoding = 4; lastKnownFileType = sourcecode.c.h; name = FieldMask.pbobjc.h; path = ios/protocol/google/protobuf/FieldMask.pbobjc.h; sourceTree = SOURCE_ROOT; };
		58372FE820DCA6EC00551570 /* Duration.pbobjc.h */ = {isa = PBXFileReference; fileEncoding = 4; lastKnownFileType = sourcecode.c.h; name = Duration.pbobjc.h; path = ios/protocol/google/protobuf/Duration.pbobjc.h; sourceTree = SOURCE_ROOT; };
		58372FE920DCA6EC00551570 /* Wrappers.pbobjc.h */ = {isa = PBXFileReference; fileEncoding = 4; lastKnownFileType = sourcecode.c.h; name = Wrappers.pbobjc.h; path = ios/protocol/google/protobuf/Wrappers.pbobjc.h; sourceTree = SOURCE_ROOT; };
		58372FEA20DCA6EC00551570 /* Empty.pbobjc.m */ = {isa = PBXFileReference; fileEncoding = 4; lastKnownFileType = sourcecode.c.objc; name = Empty.pbobjc.m; path = ios/protocol/google/protobuf/Empty.pbobjc.m; sourceTree = SOURCE_ROOT; };
		58372FEB20DCA6EC00551570 /* Struct.pbobjc.m */ = {isa = PBXFileReference; fileEncoding = 4; lastKnownFileType = sourcecode.c.objc; name = Struct.pbobjc.m; path = ios/protocol/google/protobuf/Struct.pbobjc.m; sourceTree = SOURCE_ROOT; };
		58372FEC20DCA6EC00551570 /* Struct.pbobjc.h */ = {isa = PBXFileReference; fileEncoding = 4; lastKnownFileType = sourcecode.c.h; name = Struct.pbobjc.h; path = ios/protocol/google/protobuf/Struct.pbobjc.h; sourceTree = SOURCE_ROOT; };
		58372FED20DCA6EC00551570 /* Timestamp.pbobjc.h */ = {isa = PBXFileReference; fileEncoding = 4; lastKnownFileType = sourcecode.c.h; name = Timestamp.pbobjc.h; path = ios/protocol/google/protobuf/Timestamp.pbobjc.h; sourceTree = SOURCE_ROOT; };
		58372FEE20DCA6EC00551570 /* Wrappers.pbobjc.m */ = {isa = PBXFileReference; fileEncoding = 4; lastKnownFileType = sourcecode.c.objc; name = Wrappers.pbobjc.m; path = ios/protocol/google/protobuf/Wrappers.pbobjc.m; sourceTree = SOURCE_ROOT; };
		58372FEF20DCA6ED00551570 /* Type.pbobjc.m */ = {isa = PBXFileReference; fileEncoding = 4; lastKnownFileType = sourcecode.c.objc; name = Type.pbobjc.m; path = ios/protocol/google/protobuf/Type.pbobjc.m; sourceTree = SOURCE_ROOT; };
/* End PBXFileReference section */

/* Begin PBXFrameworksBuildPhase section */
		58372F7620DCA5D900551570 /* Frameworks */ = {
			isa = PBXFrameworksBuildPhase;
			buildActionMask = 2147483647;
			files = (
			);
			runOnlyForDeploymentPostprocessing = 0;
		};
/* End PBXFrameworksBuildPhase section */

/* Begin PBXGroup section */
		58372F7020DCA5D900551570 = {
			isa = PBXGroup;
			children = (
				58372F7B20DCA5D900551570 /* ios */,
				58372F7A20DCA5D900551570 /* Products */,
			);
			sourceTree = "<group>";
		};
		58372F7A20DCA5D900551570 /* Products */ = {
			isa = PBXGroup;
			children = (
				58372F7920DCA5D900551570 /* ios.app */,
			);
			name = Products;
			sourceTree = "<group>";
		};
		58372F7B20DCA5D900551570 /* ios */ = {
			isa = PBXGroup;
			children = (
				58372F9220DCA65E00551570 /* protocol */,
				58372F7C20DCA5D900551570 /* AppDelegate.h */,
				58372F7D20DCA5D900551570 /* AppDelegate.m */,
				58372F7F20DCA5D900551570 /* ViewController.h */,
				58372F8020DCA5D900551570 /* ViewController.m */,
				58372F8220DCA5D900551570 /* Main.storyboard */,
				58372F8520DCA5DB00551570 /* Assets.xcassets */,
				58372F8720DCA5DB00551570 /* LaunchScreen.storyboard */,
				58372F8A20DCA5DB00551570 /* Info.plist */,
				58372F8B20DCA5DC00551570 /* main.m */,
			);
			path = ios;
			sourceTree = "<group>";
		};
		58372F9220DCA65E00551570 /* protocol */ = {
			isa = PBXGroup;
			children = (
				58372FDA20DCA6A700551570 /* google */,
				58372FA020DCA69E00551570 /* Chain.pbobjc.h */,
				58372F9820DCA69D00551570 /* Chain.pbobjc.m */,
				58372FA420DCA69E00551570 /* Common.pbobjc.h */,
				58372F9620DCA69D00551570 /* Common.pbobjc.m */,
				58372F9C20DCA69E00551570 /* Consensus.pbobjc.h */,
				58372FC220DCA6A100551570 /* Consensus.pbobjc.m */,
				58372FA520DCA69E00551570 /* GPBArray_PackagePrivate.h */,
				58372FAE20DCA69F00551570 /* GPBArray.h */,
				58372FBD20DCA6A100551570 /* GPBArray.m */,
				58372FB220DCA6A000551570 /* GPBBootstrap.h */,
				58372FB520DCA6A000551570 /* GPBCodedInputStream_PackagePrivate.h */,
				58372FC020DCA6A100551570 /* GPBCodedInputStream.h */,
				58372FB320DCA6A000551570 /* GPBCodedInputStream.m */,
				58372FB120DCA69F00551570 /* GPBCodedOutputStream_PackagePrivate.h */,
				58372FA220DCA69E00551570 /* GPBCodedOutputStream.h */,
				58372F9B20DCA69E00551570 /* GPBCodedOutputStream.m */,
				58372FBC20DCA6A100551570 /* GPBDescriptor_PackagePrivate.h */,
				58372F9D20DCA69E00551570 /* GPBDescriptor.h */,
				58372FA320DCA69E00551570 /* GPBDescriptor.m */,
				58372FB920DCA6A000551570 /* GPBDictionary_PackagePrivate.h */,
				58372F9A20DCA69E00551570 /* GPBDictionary.h */,
				58372FC520DCA6A100551570 /* GPBDictionary.m */,
				58372FA620DCA69E00551570 /* GPBExtensionInternals.h */,
				58372F9420DCA69D00551570 /* GPBExtensionInternals.m */,
				58372F9F20DCA69E00551570 /* GPBExtensionRegistry.h */,
				58372FBE20DCA6A100551570 /* GPBExtensionRegistry.m */,
				58372FC120DCA6A100551570 /* GPBMessage_PackagePrivate.h */,
				58372FC320DCA6A100551570 /* GPBMessage.h */,
				58372F9E20DCA69E00551570 /* GPBMessage.m */,
				58372F9920DCA69E00551570 /* GPBProtocolBuffers_RuntimeSupport.h */,
				58372F9720DCA69D00551570 /* GPBProtocolBuffers.h */,
				58372FC620DCA6A100551570 /* GPBRootObject_PackagePrivate.h */,
				58372FAC20DCA69F00551570 /* GPBRootObject.h */,
				58372FA120DCA69E00551570 /* GPBRootObject.m */,
				58372FAD20DCA69F00551570 /* GPBRuntimeTypes.h */,
				58372FAA20DCA69F00551570 /* GPBUnknownField_PackagePrivate.h */,
				58372FA820DCA69F00551570 /* GPBUnknownField.h */,
				58372FC420DCA6A100551570 /* GPBUnknownField.m */,
				58372FAF20DCA69F00551570 /* GPBUnknownFieldSet_PackagePrivate.h */,
				58372FB020DCA69F00551570 /* GPBUnknownFieldSet.h */,
				58372FB720DCA6A000551570 /* GPBUnknownFieldSet.m */,
				58372FA920DCA69F00551570 /* GPBUtilities_PackagePrivate.h */,
				58372FA720DCA69F00551570 /* GPBUtilities.h */,
				58372FBF20DCA6A100551570 /* GPBUtilities.m */,
				58372F9320DCA69D00551570 /* GPBWellKnownTypes.h */,
				58372FB420DCA6A000551570 /* GPBWellKnownTypes.m */,
				58372FB820DCA6A000551570 /* GPBWireFormat.h */,
				58372FAB20DCA69F00551570 /* GPBWireFormat.m */,
				58372FBA20DCA6A100551570 /* Merkeltrie.pbobjc.h */,
				58372FB620DCA6A000551570 /* Merkeltrie.pbobjc.m */,
				58372F9520DCA69D00551570 /* Overlay.pbobjc.h */,
				58372FBB20DCA6A100551570 /* Overlay.pbobjc.m */,
			);
			name = protocol;
			path = "New Group";
			sourceTree = "<group>";
		};
		58372FDA20DCA6A700551570 /* google */ = {
			isa = PBXGroup;
			children = (
				58372FDB20DCA6B200551570 /* protobuf */,
			);
			path = google;
			sourceTree = "<group>";
		};
		58372FDB20DCA6B200551570 /* protobuf */ = {
			isa = PBXGroup;
			children = (
				58372FE320DCA6EC00551570 /* Any.pbobjc.h */,
				58372FE420DCA6EC00551570 /* Any.pbobjc.m */,
				58372FDC20DCA6EB00551570 /* Api.pbobjc.h */,
				58372FDD20DCA6EB00551570 /* Api.pbobjc.m */,
				58372FE820DCA6EC00551570 /* Duration.pbobjc.h */,
				58372FDE20DCA6EB00551570 /* Duration.pbobjc.m */,
				58372FDF20DCA6EB00551570 /* Empty.pbobjc.h */,
				58372FEA20DCA6EC00551570 /* Empty.pbobjc.m */,
				58372FE720DCA6EC00551570 /* FieldMask.pbobjc.h */,
				58372FE520DCA6EC00551570 /* FieldMask.pbobjc.m */,
				58372FE020DCA6EB00551570 /* SourceContext.pbobjc.h */,
				58372FE120DCA6EC00551570 /* SourceContext.pbobjc.m */,
				58372FEC20DCA6EC00551570 /* Struct.pbobjc.h */,
				58372FEB20DCA6EC00551570 /* Struct.pbobjc.m */,
				58372FED20DCA6EC00551570 /* Timestamp.pbobjc.h */,
				58372FE220DCA6EC00551570 /* Timestamp.pbobjc.m */,
				58372FE620DCA6EC00551570 /* Type.pbobjc.h */,
				58372FEF20DCA6ED00551570 /* Type.pbobjc.m */,
				58372FE920DCA6EC00551570 /* Wrappers.pbobjc.h */,
				58372FEE20DCA6EC00551570 /* Wrappers.pbobjc.m */,
			);
			path = protobuf;
			sourceTree = "<group>";
		};
/* End PBXGroup section */

/* Begin PBXNativeTarget section */
		58372F7820DCA5D900551570 /* ios */ = {
			isa = PBXNativeTarget;
			buildConfigurationList = 58372F8F20DCA5DC00551570 /* Build configuration list for PBXNativeTarget "ios" */;
			buildPhases = (
				58372F7520DCA5D900551570 /* Sources */,
				58372F7620DCA5D900551570 /* Frameworks */,
				58372F7720DCA5D900551570 /* Resources */,
			);
			buildRules = (
			);
			dependencies = (
			);
			name = ios;
			productName = ios;
			productReference = 58372F7920DCA5D900551570 /* ios.app */;
			productType = "com.apple.product-type.application";
		};
/* End PBXNativeTarget section */

/* Begin PBXProject section */
		58372F7120DCA5D900551570 /* Project object */ = {
			isa = PBXProject;
			attributes = {
				LastUpgradeCheck = 0940;
				ORGANIZATIONNAME = phantom;
				TargetAttributes = {
					58372F7820DCA5D900551570 = {
						CreatedOnToolsVersion = 9.4.1;
					};
				};
			};
			buildConfigurationList = 58372F7420DCA5D900551570 /* Build configuration list for PBXProject "ios" */;
			compatibilityVersion = "Xcode 9.3";
			developmentRegion = en;
			hasScannedForEncodings = 0;
			knownRegions = (
				en,
				Base,
			);
			mainGroup = 58372F7020DCA5D900551570;
			productRefGroup = 58372F7A20DCA5D900551570 /* Products */;
			projectDirPath = "";
			projectRoot = "";
			targets = (
				58372F7820DCA5D900551570 /* ios */,
			);
		};
/* End PBXProject section */

/* Begin PBXResourcesBuildPhase section */
		58372F7720DCA5D900551570 /* Resources */ = {
			isa = PBXResourcesBuildPhase;
			buildActionMask = 2147483647;
			files = (
				58372F8920DCA5DB00551570 /* LaunchScreen.storyboard in Resources */,
				58372F8620DCA5DB00551570 /* Assets.xcassets in Resources */,
				58372F8420DCA5D900551570 /* Main.storyboard in Resources */,
			);
			runOnlyForDeploymentPostprocessing = 0;
		};
/* End PBXResourcesBuildPhase section */

/* Begin PBXSourcesBuildPhase section */
		58372F7520DCA5D900551570 /* Sources */ = {
			isa = PBXSourcesBuildPhase;
			buildActionMask = 2147483647;
			files = (
				585F5FEC20DCAC090039A28E /* Any.pbobjc.h in Sources */,
				585F5FED20DCAC090039A28E /* Api.pbobjc.h in Sources */,
				585F5FEE20DCAC090039A28E /* Duration.pbobjc.h in Sources */,
				585F5FEF20DCAC090039A28E /* Empty.pbobjc.h in Sources */,
				585F5FF020DCAC090039A28E /* FieldMask.pbobjc.h in Sources */,
				585F5FF120DCAC090039A28E /* SourceContext.pbobjc.h in Sources */,
				585F5FF220DCAC090039A28E /* Struct.pbobjc.h in Sources */,
				585F5FF320DCAC090039A28E /* Timestamp.pbobjc.h in Sources */,
				585F5FF420DCAC090039A28E /* Type.pbobjc.h in Sources */,
				585F5FF520DCAC090039A28E /* Wrappers.pbobjc.h in Sources */,
				585F5FCB20DCABF30039A28E /* Chain.pbobjc.h in Sources */,
				585F5FCC20DCABF30039A28E /* Common.pbobjc.h in Sources */,
				585F5FCD20DCABF30039A28E /* Consensus.pbobjc.h in Sources */,
				585F5FCE20DCABF30039A28E /* GPBArray_PackagePrivate.h in Sources */,
				585F5FCF20DCABF30039A28E /* GPBArray.h in Sources */,
				585F5FD020DCABF30039A28E /* GPBBootstrap.h in Sources */,
				585F5FD120DCABF30039A28E /* GPBCodedInputStream_PackagePrivate.h in Sources */,
				585F5FD220DCABF30039A28E /* GPBCodedInputStream.h in Sources */,
				585F5FD320DCABF30039A28E /* GPBCodedOutputStream_PackagePrivate.h in Sources */,
				585F5FD420DCABF30039A28E /* GPBCodedOutputStream.h in Sources */,
				585F5FD520DCABF30039A28E /* GPBDescriptor_PackagePrivate.h in Sources */,
				585F5FD620DCABF30039A28E /* GPBDescriptor.h in Sources */,
				585F5FD720DCABF30039A28E /* GPBDictionary_PackagePrivate.h in Sources */,
				585F5FD820DCABF30039A28E /* GPBDictionary.h in Sources */,
				585F5FD920DCABF30039A28E /* GPBExtensionInternals.h in Sources */,
				585F5FDA20DCABF30039A28E /* GPBExtensionRegistry.h in Sources */,
				585F5FDB20DCABF30039A28E /* GPBMessage_PackagePrivate.h in Sources */,
				585F5FDC20DCABF30039A28E /* GPBMessage.h in Sources */,
				585F5FDD20DCABF30039A28E /* GPBProtocolBuffers_RuntimeSupport.h in Sources */,
				585F5FDE20DCABF30039A28E /* GPBProtocolBuffers.h in Sources */,
				585F5FDF20DCABF30039A28E /* GPBRootObject_PackagePrivate.h in Sources */,
				585F5FE020DCABF30039A28E /* GPBRootObject.h in Sources */,
				585F5FE120DCABF30039A28E /* GPBRuntimeTypes.h in Sources */,
				585F5FE220DCABF30039A28E /* GPBUnknownField_PackagePrivate.h in Sources */,
				585F5FE320DCABF30039A28E /* GPBUnknownField.h in Sources */,
				585F5FE420DCABF30039A28E /* GPBUnknownFieldSet_PackagePrivate.h in Sources */,
				585F5FE520DCABF30039A28E /* GPBUnknownFieldSet.h in Sources */,
				585F5FE620DCABF30039A28E /* GPBUtilities_PackagePrivate.h in Sources */,
				585F5FE720DCABF30039A28E /* GPBUtilities.h in Sources */,
				585F5FE820DCABF30039A28E /* GPBWellKnownTypes.h in Sources */,
				585F5FE920DCABF30039A28E /* GPBWireFormat.h in Sources */,
				585F5FEA20DCABF30039A28E /* Merkeltrie.pbobjc.h in Sources */,
				585F5FEB20DCABF30039A28E /* Overlay.pbobjc.h in Sources */,
				58372FD820DCA6A100551570 /* GPBUnknownField.m in Sources */,
				58372FD020DCA6A100551570 /* GPBWellKnownTypes.m in Sources */,
				58372FC720DCA6A100551570 /* GPBExtensionInternals.m in Sources */,
				58372FF520DCA6ED00551570 /* FieldMask.pbobjc.m in Sources */,
				58372FD920DCA6A100551570 /* GPBDictionary.m in Sources */,
				58372FF820DCA6ED00551570 /* Wrappers.pbobjc.m in Sources */,
				58372FF020DCA6ED00551570 /* Api.pbobjc.m in Sources */,
				58372FD620DCA6A100551570 /* GPBUtilities.m in Sources */,
				58372FF920DCA6ED00551570 /* Type.pbobjc.m in Sources */,
				58372FC820DCA6A100551570 /* Common.pbobjc.m in Sources */,
				58372FCD20DCA6A100551570 /* GPBDescriptor.m in Sources */,
				58372FD220DCA6A100551570 /* GPBUnknownFieldSet.m in Sources */,
				58372F8120DCA5D900551570 /* ViewController.m in Sources */,
				58372FD520DCA6A100551570 /* GPBExtensionRegistry.m in Sources */,
				58372FD720DCA6A100551570 /* Consensus.pbobjc.m in Sources */,
				58372F8C20DCA5DC00551570 /* main.m in Sources */,
				58372FD120DCA6A100551570 /* Merkeltrie.pbobjc.m in Sources */,
				58372FC920DCA6A100551570 /* Chain.pbobjc.m in Sources */,
				58372FCB20DCA6A100551570 /* GPBMessage.m in Sources */,
				58372FF120DCA6ED00551570 /* Duration.pbobjc.m in Sources */,
				58372FCA20DCA6A100551570 /* GPBCodedOutputStream.m in Sources */,
				58372FF220DCA6ED00551570 /* SourceContext.pbobjc.m in Sources */,
				58372FF620DCA6ED00551570 /* Empty.pbobjc.m in Sources */,
				58372FD320DCA6A100551570 /* Overlay.pbobjc.m in Sources */,
				58372FF420DCA6ED00551570 /* Any.pbobjc.m in Sources */,
				58372FD420DCA6A100551570 /* GPBArray.m in Sources */,
				58372FCF20DCA6A100551570 /* GPBCodedInputStream.m in Sources */,
				58372FCE20DCA6A100551570 /* GPBWireFormat.m in Sources */,
				58372FF320DCA6ED00551570 /* Timestamp.pbobjc.m in Sources */,
				58372F7E20DCA5D900551570 /* AppDelegate.m in Sources */,
				58372FCC20DCA6A100551570 /* GPBRootObject.m in Sources */,
				58372FF720DCA6ED00551570 /* Struct.pbobjc.m in Sources */,
			);
			runOnlyForDeploymentPostprocessing = 0;
		};
/* End PBXSourcesBuildPhase section */

/* Begin PBXVariantGroup section */
		58372F8220DCA5D900551570 /* Main.storyboard */ = {
			isa = PBXVariantGroup;
			children = (
				58372F8320DCA5D900551570 /* Base */,
			);
			name = Main.storyboard;
			sourceTree = "<group>";
		};
		58372F8720DCA5DB00551570 /* LaunchScreen.storyboard */ = {
			isa = PBXVariantGroup;
			children = (
				58372F8820DCA5DB00551570 /* Base */,
			);
			name = LaunchScreen.storyboard;
			sourceTree = "<group>";
		};
/* End PBXVariantGroup section */

/* Begin XCBuildConfiguration section */
		58372F8D20DCA5DC00551570 /* Debug */ = {
			isa = XCBuildConfiguration;
			buildSettings = {
				ALWAYS_SEARCH_USER_PATHS = NO;
				CLANG_ANALYZER_NONNULL = YES;
				CLANG_ANALYZER_NUMBER_OBJECT_CONVERSION = YES_AGGRESSIVE;
				CLANG_CXX_LANGUAGE_STANDARD = "gnu++14";
				CLANG_CXX_LIBRARY = "libc++";
				CLANG_ENABLE_MODULES = YES;
				CLANG_ENABLE_OBJC_ARC = YES;
				CLANG_ENABLE_OBJC_WEAK = YES;
				CLANG_WARN_BLOCK_CAPTURE_AUTORELEASING = YES;
				CLANG_WARN_BOOL_CONVERSION = YES;
				CLANG_WARN_COMMA = YES;
				CLANG_WARN_CONSTANT_CONVERSION = YES;
				CLANG_WARN_DEPRECATED_OBJC_IMPLEMENTATIONS = YES;
				CLANG_WARN_DIRECT_OBJC_ISA_USAGE = YES_ERROR;
				CLANG_WARN_DOCUMENTATION_COMMENTS = YES;
				CLANG_WARN_EMPTY_BODY = YES;
				CLANG_WARN_ENUM_CONVERSION = YES;
				CLANG_WARN_INFINITE_RECURSION = YES;
				CLANG_WARN_INT_CONVERSION = YES;
				CLANG_WARN_NON_LITERAL_NULL_CONVERSION = YES;
				CLANG_WARN_OBJC_IMPLICIT_RETAIN_SELF = YES;
				CLANG_WARN_OBJC_LITERAL_CONVERSION = YES;
				CLANG_WARN_OBJC_ROOT_CLASS = YES_ERROR;
				CLANG_WARN_RANGE_LOOP_ANALYSIS = YES;
				CLANG_WARN_STRICT_PROTOTYPES = YES;
				CLANG_WARN_SUSPICIOUS_MOVE = YES;
				CLANG_WARN_UNGUARDED_AVAILABILITY = YES_AGGRESSIVE;
				CLANG_WARN_UNREACHABLE_CODE = YES;
				CLANG_WARN__DUPLICATE_METHOD_MATCH = YES;
				CODE_SIGN_IDENTITY = "iPhone Developer";
				COPY_PHASE_STRIP = NO;
				DEBUG_INFORMATION_FORMAT = dwarf;
				ENABLE_STRICT_OBJC_MSGSEND = YES;
				ENABLE_TESTABILITY = YES;
				GCC_C_LANGUAGE_STANDARD = gnu11;
				GCC_DYNAMIC_NO_PIC = NO;
				GCC_NO_COMMON_BLOCKS = YES;
				GCC_OPTIMIZATION_LEVEL = 0;
				GCC_PREPROCESSOR_DEFINITIONS = (
					"DEBUG=1",
					"$(inherited)",
				);
				GCC_WARN_64_TO_32_BIT_CONVERSION = YES;
				GCC_WARN_ABOUT_RETURN_TYPE = YES_ERROR;
				GCC_WARN_UNDECLARED_SELECTOR = YES;
				GCC_WARN_UNINITIALIZED_AUTOS = YES_AGGRESSIVE;
				GCC_WARN_UNUSED_FUNCTION = YES;
				GCC_WARN_UNUSED_VARIABLE = YES;
				IPHONEOS_DEPLOYMENT_TARGET = 11.4;
				MTL_ENABLE_DEBUG_INFO = YES;
				ONLY_ACTIVE_ARCH = YES;
				SDKROOT = iphoneos;
			};
			name = Debug;
		};
		58372F8E20DCA5DC00551570 /* Release */ = {
			isa = XCBuildConfiguration;
			buildSettings = {
				ALWAYS_SEARCH_USER_PATHS = NO;
				CLANG_ANALYZER_NONNULL = YES;
				CLANG_ANALYZER_NUMBER_OBJECT_CONVERSION = YES_AGGRESSIVE;
				CLANG_CXX_LANGUAGE_STANDARD = "gnu++14";
				CLANG_CXX_LIBRARY = "libc++";
				CLANG_ENABLE_MODULES = YES;
				CLANG_ENABLE_OBJC_ARC = YES;
				CLANG_ENABLE_OBJC_WEAK = YES;
				CLANG_WARN_BLOCK_CAPTURE_AUTORELEASING = YES;
				CLANG_WARN_BOOL_CONVERSION = YES;
				CLANG_WARN_COMMA = YES;
				CLANG_WARN_CONSTANT_CONVERSION = YES;
				CLANG_WARN_DEPRECATED_OBJC_IMPLEMENTATIONS = YES;
				CLANG_WARN_DIRECT_OBJC_ISA_USAGE = YES_ERROR;
				CLANG_WARN_DOCUMENTATION_COMMENTS = YES;
				CLANG_WARN_EMPTY_BODY = YES;
				CLANG_WARN_ENUM_CONVERSION = YES;
				CLANG_WARN_INFINITE_RECURSION = YES;
				CLANG_WARN_INT_CONVERSION = YES;
				CLANG_WARN_NON_LITERAL_NULL_CONVERSION = YES;
				CLANG_WARN_OBJC_IMPLICIT_RETAIN_SELF = YES;
				CLANG_WARN_OBJC_LITERAL_CONVERSION = YES;
				CLANG_WARN_OBJC_ROOT_CLASS = YES_ERROR;
				CLANG_WARN_RANGE_LOOP_ANALYSIS = YES;
				CLANG_WARN_STRICT_PROTOTYPES = YES;
				CLANG_WARN_SUSPICIOUS_MOVE = YES;
				CLANG_WARN_UNGUARDED_AVAILABILITY = YES_AGGRESSIVE;
				CLANG_WARN_UNREACHABLE_CODE = YES;
				CLANG_WARN__DUPLICATE_METHOD_MATCH = YES;
				CODE_SIGN_IDENTITY = "iPhone Developer";
				COPY_PHASE_STRIP = NO;
				DEBUG_INFORMATION_FORMAT = "dwarf-with-dsym";
				ENABLE_NS_ASSERTIONS = NO;
				ENABLE_STRICT_OBJC_MSGSEND = YES;
				GCC_C_LANGUAGE_STANDARD = gnu11;
				GCC_NO_COMMON_BLOCKS = YES;
				GCC_WARN_64_TO_32_BIT_CONVERSION = YES;
				GCC_WARN_ABOUT_RETURN_TYPE = YES_ERROR;
				GCC_WARN_UNDECLARED_SELECTOR = YES;
				GCC_WARN_UNINITIALIZED_AUTOS = YES_AGGRESSIVE;
				GCC_WARN_UNUSED_FUNCTION = YES;
				GCC_WARN_UNUSED_VARIABLE = YES;
				IPHONEOS_DEPLOYMENT_TARGET = 11.4;
				MTL_ENABLE_DEBUG_INFO = NO;
				SDKROOT = iphoneos;
				VALIDATE_PRODUCT = YES;
			};
			name = Release;
		};
		58372F9020DCA5DC00551570 /* Debug */ = {
			isa = XCBuildConfiguration;
			buildSettings = {
				ASSETCATALOG_COMPILER_APPICON_NAME = AppIcon;
				CODE_SIGN_STYLE = Automatic;
				INFOPLIST_FILE = ios/Info.plist;
				LD_RUNPATH_SEARCH_PATHS = (
					"$(inherited)",
					"@executable_path/Frameworks",
				);
				PRODUCT_BUNDLE_IDENTIFIER = phantom.ios;
				PRODUCT_NAME = "$(TARGET_NAME)";
				TARGETED_DEVICE_FAMILY = "1,2";
			};
			name = Debug;
		};
		58372F9120DCA5DC00551570 /* Release */ = {
			isa = XCBuildConfiguration;
			buildSettings = {
				ASSETCATALOG_COMPILER_APPICON_NAME = AppIcon;
				CODE_SIGN_STYLE = Automatic;
				INFOPLIST_FILE = ios/Info.plist;
				LD_RUNPATH_SEARCH_PATHS = (
					"$(inherited)",
					"@executable_path/Frameworks",
				);
				PRODUCT_BUNDLE_IDENTIFIER = phantom.ios;
				PRODUCT_NAME = "$(TARGET_NAME)";
				TARGETED_DEVICE_FAMILY = "1,2";
			};
			name = Release;
		};
/* End XCBuildConfiguration section */

/* Begin XCConfigurationList section */
		58372F7420DCA5D900551570 /* Build configuration list for PBXProject "ios" */ = {
			isa = XCConfigurationList;
			buildConfigurations = (
				58372F8D20DCA5DC00551570 /* Debug */,
				58372F8E20DCA5DC00551570 /* Release */,
			);
			defaultConfigurationIsVisible = 0;
			defaultConfigurationName = Release;
		};
		58372F8F20DCA5DC00551570 /* Build configuration list for PBXNativeTarget "ios" */ = {
			isa = XCConfigurationList;
			buildConfigurations = (
				58372F9020DCA5DC00551570 /* Debug */,
				58372F9120DCA5DC00551570 /* Release */,
			);
			defaultConfigurationIsVisible = 0;
			defaultConfigurationName = Release;
		};
/* End XCConfigurationList section */
	};
	rootObject = 58372F7120DCA5D900551570 /* Project object */;
}
